// !$*UTF8*$!
{
	archiveVersion = 1;
	classes = {
	};
	objectVersion = 56;
	objects = {

/* Begin PBXBuildFile section */
		D242FB3A2B05995A00BD56EF /* PrayerAppApp.swift in Sources */ = {isa = PBXBuildFile; fileRef = D242FB392B05995A00BD56EF /* PrayerAppApp.swift */; };
		D242FB3C2B05995A00BD56EF /* ContentView.swift in Sources */ = {isa = PBXBuildFile; fileRef = D242FB3B2B05995A00BD56EF /* ContentView.swift */; };
		D242FB3E2B05995C00BD56EF /* Assets.xcassets in Resources */ = {isa = PBXBuildFile; fileRef = D242FB3D2B05995C00BD56EF /* Assets.xcassets */; };
		D242FB412B05995C00BD56EF /* Preview Assets.xcassets in Resources */ = {isa = PBXBuildFile; fileRef = D242FB402B05995C00BD56EF /* Preview Assets.xcassets */; };
		D242FB4B2B059A0200BD56EF /* jsonString.swift in Sources */ = {isa = PBXBuildFile; fileRef = D242FB4A2B059A0200BD56EF /* jsonString.swift */; };
		D242FB4D2B059DDB00BD56EF /* JsonDataDecoding.swift in Sources */ = {isa = PBXBuildFile; fileRef = D242FB4C2B059DDB00BD56EF /* JsonDataDecoding.swift */; };
		D242FB4F2B05B6F800BD56EF /* PrayerData.swift in Sources */ = {isa = PBXBuildFile; fileRef = D242FB4E2B05B6F800BD56EF /* PrayerData.swift */; };
/* End PBXBuildFile section */

/* Begin PBXFileReference section */
		D242FB362B05995A00BD56EF /* PrayerApp.app */ = {isa = PBXFileReference; explicitFileType = wrapper.application; includeInIndex = 0; path = PrayerApp.app; sourceTree = BUILT_PRODUCTS_DIR; };
		D242FB392B05995A00BD56EF /* PrayerAppApp.swift */ = {isa = PBXFileReference; lastKnownFileType = sourcecode.swift; path = PrayerAppApp.swift; sourceTree = "<group>"; };
		D242FB3B2B05995A00BD56EF /* ContentView.swift */ = {isa = PBXFileReference; lastKnownFileType = sourcecode.swift; path = ContentView.swift; sourceTree = "<group>"; };
		D242FB3D2B05995C00BD56EF /* Assets.xcassets */ = {isa = PBXFileReference; lastKnownFileType = folder.assetcatalog; path = Assets.xcassets; sourceTree = "<group>"; };
		D242FB402B05995C00BD56EF /* Preview Assets.xcassets */ = {isa = PBXFileReference; lastKnownFileType = folder.assetcatalog; path = "Preview Assets.xcassets"; sourceTree = "<group>"; };
		D242FB4A2B059A0200BD56EF /* jsonString.swift */ = {isa = PBXFileReference; lastKnownFileType = sourcecode.swift; path = jsonString.swift; sourceTree = "<group>"; };
		D242FB4C2B059DDB00BD56EF /* JsonDataDecoding.swift */ = {isa = PBXFileReference; lastKnownFileType = sourcecode.swift; path = JsonDataDecoding.swift; sourceTree = "<group>"; };
		D242FB4E2B05B6F800BD56EF /* PrayerData.swift */ = {isa = PBXFileReference; lastKnownFileType = sourcecode.swift; path = PrayerData.swift; sourceTree = "<group>"; };
/* End PBXFileReference section */

/* Begin PBXFrameworksBuildPhase section */
		D242FB332B05995A00BD56EF /* Frameworks */ = {
			isa = PBXFrameworksBuildPhase;
			buildActionMask = 2147483647;
			files = (
			);
			runOnlyForDeploymentPostprocessing = 0;
		};
/* End PBXFrameworksBuildPhase section */

/* Begin PBXGroup section */
		D242FB2D2B05995A00BD56EF = {
			isa = PBXGroup;
			children = (
				D242FB382B05995A00BD56EF /* PrayerApp */,
				D242FB372B05995A00BD56EF /* Products */,
			);
			sourceTree = "<group>";
		};
		D242FB372B05995A00BD56EF /* Products */ = {
			isa = PBXGroup;
			children = (
				D242FB362B05995A00BD56EF /* PrayerApp.app */,
			);
			name = Products;
			sourceTree = "<group>";
		};
		D242FB382B05995A00BD56EF /* PrayerApp */ = {
			isa = PBXGroup;
			children = (
				D242FB492B05999C00BD56EF /* ViewModel */,
				D242FB482B05997E00BD56EF /* Model */,
				D242FB472B05996A00BD56EF /* View */,
				D242FB392B05995A00BD56EF /* PrayerAppApp.swift */,
				D242FB3B2B05995A00BD56EF /* ContentView.swift */,
				D242FB3D2B05995C00BD56EF /* Assets.xcassets */,
				D242FB3F2B05995C00BD56EF /* Preview Content */,
				D242FB4A2B059A0200BD56EF /* jsonString.swift */,
			);
			path = PrayerApp;
			sourceTree = "<group>";
		};
		D242FB3F2B05995C00BD56EF /* Preview Content */ = {
			isa = PBXGroup;
			children = (
				D242FB402B05995C00BD56EF /* Preview Assets.xcassets */,
			);
			path = "Preview Content";
			sourceTree = "<group>";
		};
		D242FB472B05996A00BD56EF /* View */ = {
			isa = PBXGroup;
			children = (
			);
			path = View;
			sourceTree = "<group>";
		};
		D242FB482B05997E00BD56EF /* Model */ = {
			isa = PBXGroup;
			children = (
				D242FB4E2B05B6F800BD56EF /* PrayerData.swift */,
			);
			path = Model;
			sourceTree = "<group>";
		};
		D242FB492B05999C00BD56EF /* ViewModel */ = {
			isa = PBXGroup;
			children = (
				D242FB4C2B059DDB00BD56EF /* JsonDataDecoding.swift */,
			);
			path = ViewModel;
			sourceTree = "<group>";
		};
/* End PBXGroup section */

/* Begin PBXNativeTarget section */
		D242FB352B05995A00BD56EF /* PrayerApp */ = {
			isa = PBXNativeTarget;
			buildConfigurationList = D242FB442B05995C00BD56EF /* Build configuration list for PBXNativeTarget "PrayerApp" */;
			buildPhases = (
				D242FB322B05995A00BD56EF /* Sources */,
				D242FB332B05995A00BD56EF /* Frameworks */,
				D242FB342B05995A00BD56EF /* Resources */,
			);
			buildRules = (
			);
			dependencies = (
			);
			name = PrayerApp;
			productName = PrayerApp;
			productReference = D242FB362B05995A00BD56EF /* PrayerApp.app */;
			productType = "com.apple.product-type.application";
		};
/* End PBXNativeTarget section */

/* Begin PBXProject section */
		D242FB2E2B05995A00BD56EF /* Project object */ = {
			isa = PBXProject;
			attributes = {
				BuildIndependentTargetsInParallel = 1;
				LastSwiftUpdateCheck = 1500;
				LastUpgradeCheck = 1500;
				TargetAttributes = {
					D242FB352B05995A00BD56EF = {
						CreatedOnToolsVersion = 15.0.1;
					};
				};
			};
			buildConfigurationList = D242FB312B05995A00BD56EF /* Build configuration list for PBXProject "PrayerApp" */;
			compatibilityVersion = "Xcode 14.0";
			developmentRegion = en;
			hasScannedForEncodings = 0;
			knownRegions = (
				en,
				Base,
			);
			mainGroup = D242FB2D2B05995A00BD56EF;
			productRefGroup = D242FB372B05995A00BD56EF /* Products */;
			projectDirPath = "";
			projectRoot = "";
			targets = (
				D242FB352B05995A00BD56EF /* PrayerApp */,
			);
		};
/* End PBXProject section */

/* Begin PBXResourcesBuildPhase section */
		D242FB342B05995A00BD56EF /* Resources */ = {
			isa = PBXResourcesBuildPhase;
			buildActionMask = 2147483647;
			files = (
				D242FB412B05995C00BD56EF /* Preview Assets.xcassets in Resources */,
				D242FB3E2B05995C00BD56EF /* Assets.xcassets in Resources */,
			);
			runOnlyForDeploymentPostprocessing = 0;
		};
/* End PBXResourcesBuildPhase section */

/* Begin PBXSourcesBuildPhase section */
		D242FB322B05995A00BD56EF /* Sources */ = {
			isa = PBXSourcesBuildPhase;
			buildActionMask = 2147483647;
			files = (
				D242FB4B2B059A0200BD56EF /* jsonString.swift in Sources */,
				D242FB3C2B05995A00BD56EF /* ContentView.swift in Sources */,
				D242FB4F2B05B6F800BD56EF /* PrayerData.swift in Sources */,
				D242FB3A2B05995A00BD56EF /* PrayerAppApp.swift in Sources */,
				D242FB4D2B059DDB00BD56EF /* JsonDataDecoding.swift in Sources */,
			);
			runOnlyForDeploymentPostprocessing = 0;
		};
/* End PBXSourcesBuildPhase section */

/* Begin XCBuildConfiguration section */
		D242FB422B05995C00BD56EF /* Debug */ = {
			isa = XCBuildConfiguration;
			buildSettings = {
				ALWAYS_SEARCH_USER_PATHS = NO;
				ASSETCATALOG_COMPILER_GENERATE_SWIFT_ASSET_SYMBOL_EXTENSIONS = YES;
				CLANG_ANALYZER_NONNULL = YES;
				CLANG_ANALYZER_NUMBER_OBJECT_CONVERSION = YES_AGGRESSIVE;
				CLANG_CXX_LANGUAGE_STANDARD = "gnu++20";
				CLANG_ENABLE_MODULES = YES;
				CLANG_ENABLE_OBJC_ARC = YES;
				CLANG_ENABLE_OBJC_WEAK = YES;
				CLANG_WARN_BLOCK_CAPTURE_AUTORELEASING = YES;
				CLANG_WARN_BOOL_CONVERSION = YES;
				CLANG_WARN_COMMA = YES;
				CLANG_WARN_CONSTANT_CONVERSION = YES;
				CLANG_WARN_DEPRECATED_OBJC_IMPLEMENTATIONS = YES;
				CLANG_WARN_DIRECT_OBJC_ISA_USAGE = YES_ERROR;
				CLANG_WARN_DOCUMENTATION_COMMENTS = YES;
				CLANG_WARN_EMPTY_BODY = YES;
				CLANG_WARN_ENUM_CONVERSION = YES;
				CLANG_WARN_INFINITE_RECURSION = YES;
				CLANG_WARN_INT_CONVERSION = YES;
				CLANG_WARN_NON_LITERAL_NULL_CONVERSION = YES;
				CLANG_WARN_OBJC_IMPLICIT_RETAIN_SELF = YES;
				CLANG_WARN_OBJC_LITERAL_CONVERSION = YES;
				CLANG_WARN_OBJC_ROOT_CLASS = YES_ERROR;
				CLANG_WARN_QUOTED_INCLUDE_IN_FRAMEWORK_HEADER = YES;
				CLANG_WARN_RANGE_LOOP_ANALYSIS = YES;
				CLANG_WARN_STRICT_PROTOTYPES = YES;
				CLANG_WARN_SUSPICIOUS_MOVE = YES;
				CLANG_WARN_UNGUARDED_AVAILABILITY = YES_AGGRESSIVE;
				CLANG_WARN_UNREACHABLE_CODE = YES;
				CLANG_WARN__DUPLICATE_METHOD_MATCH = YES;
				COPY_PHASE_STRIP = NO;
				DEBUG_INFORMATION_FORMAT = dwarf;
				ENABLE_STRICT_OBJC_MSGSEND = YES;
				ENABLE_TESTABILITY = YES;
				ENABLE_USER_SCRIPT_SANDBOXING = YES;
				GCC_C_LANGUAGE_STANDARD = gnu17;
				GCC_DYNAMIC_NO_PIC = NO;
				GCC_NO_COMMON_BLOCKS = YES;
				GCC_OPTIMIZATION_LEVEL = 0;
				GCC_PREPROCESSOR_DEFINITIONS = (
					"DEBUG=1",
					"$(inherited)",
				);
				GCC_WARN_64_TO_32_BIT_CONVERSION = YES;
				GCC_WARN_ABOUT_RETURN_TYPE = YES_ERROR;
				GCC_WARN_UNDECLARED_SELECTOR = YES;
				GCC_WARN_UNINITIALIZED_AUTOS = YES_AGGRESSIVE;
				GCC_WARN_UNUSED_FUNCTION = YES;
				GCC_WARN_UNUSED_VARIABLE = YES;
				IPHONEOS_DEPLOYMENT_TARGET = 17.0;
				LOCALIZATION_PREFERS_STRING_CATALOGS = YES;
				MTL_ENABLE_DEBUG_INFO = INCLUDE_SOURCE;
				MTL_FAST_MATH = YES;
				ONLY_ACTIVE_ARCH = YES;
				SDKROOT = iphoneos;
				SWIFT_ACTIVE_COMPILATION_CONDITIONS = "DEBUG $(inherited)";
				SWIFT_OPTIMIZATION_LEVEL = "-Onone";
			};
			name = Debug;
		};
		D242FB432B05995C00BD56EF /* Release */ = {
			isa = XCBuildConfiguration;
			buildSettings = {
				ALWAYS_SEARCH_USER_PATHS = NO;
				ASSETCATALOG_COMPILER_GENERATE_SWIFT_ASSET_SYMBOL_EXTENSIONS = YES;
				CLANG_ANALYZER_NONNULL = YES;
				CLANG_ANALYZER_NUMBER_OBJECT_CONVERSION = YES_AGGRESSIVE;
				CLANG_CXX_LANGUAGE_STANDARD = "gnu++20";
				CLANG_ENABLE_MODULES = YES;
				CLANG_ENABLE_OBJC_ARC = YES;
				CLANG_ENABLE_OBJC_WEAK = YES;
				CLANG_WARN_BLOCK_CAPTURE_AUTORELEASING = YES;
				CLANG_WARN_BOOL_CONVERSION = YES;
				CLANG_WARN_COMMA = YES;
				CLANG_WARN_CONSTANT_CONVERSION = YES;
				CLANG_WARN_DEPRECATED_OBJC_IMPLEMENTATIONS = YES;
				CLANG_WARN_DIRECT_OBJC_ISA_USAGE = YES_ERROR;
				CLANG_WARN_DOCUMENTATION_COMMENTS = YES;
				CLANG_WARN_EMPTY_BODY = YES;
				CLANG_WARN_ENUM_CONVERSION = YES;
				CLANG_WARN_INFINITE_RECURSION = YES;
				CLANG_WARN_INT_CONVERSION = YES;
				CLANG_WARN_NON_LITERAL_NULL_CONVERSION = YES;
				CLANG_WARN_OBJC_IMPLICIT_RETAIN_SELF = YES;
				CLANG_WARN_OBJC_LITERAL_CONVERSION = YES;
				CLANG_WARN_OBJC_ROOT_CLASS = YES_ERROR;
				CLANG_WARN_QUOTED_INCLUDE_IN_FRAMEWORK_HEADER = YES;
				CLANG_WARN_RANGE_LOOP_ANALYSIS = YES;
				CLANG_WARN_STRICT_PROTOTYPES = YES;
				CLANG_WARN_SUSPICIOUS_MOVE = YES;
				CLANG_WARN_UNGUARDED_AVAILABILITY = YES_AGGRESSIVE;
				CLANG_WARN_UNREACHABLE_CODE = YES;
				CLANG_WARN__DUPLICATE_METHOD_MATCH = YES;
				COPY_PHASE_STRIP = NO;
				DEBUG_INFORMATION_FORMAT = "dwarf-with-dsym";
				ENABLE_NS_ASSERTIONS = NO;
				ENABLE_STRICT_OBJC_MSGSEND = YES;
				ENABLE_USER_SCRIPT_SANDBOXING = YES;
				GCC_C_LANGUAGE_STANDARD = gnu17;
				GCC_NO_COMMON_BLOCKS = YES;
				GCC_WARN_64_TO_32_BIT_CONVERSION = YES;
				GCC_WARN_ABOUT_RETURN_TYPE = YES_ERROR;
				GCC_WARN_UNDECLARED_SELECTOR = YES;
				GCC_WARN_UNINITIALIZED_AUTOS = YES_AGGRESSIVE;
				GCC_WARN_UNUSED_FUNCTION = YES;
				GCC_WARN_UNUSED_VARIABLE = YES;
				IPHONEOS_DEPLOYMENT_TARGET = 17.0;
				LOCALIZATION_PREFERS_STRING_CATALOGS = YES;
				MTL_ENABLE_DEBUG_INFO = NO;
				MTL_FAST_MATH = YES;
				SDKROOT = iphoneos;
				SWIFT_COMPILATION_MODE = wholemodule;
				VALIDATE_PRODUCT = YES;
			};
			name = Release;
		};
		D242FB452B05995C00BD56EF /* Debug */ = {
			isa = XCBuildConfiguration;
			buildSettings = {
				ASSETCATALOG_COMPILER_APPICON_NAME = AppIcon;
				ASSETCATALOG_COMPILER_GLOBAL_ACCENT_COLOR_NAME = AccentColor;
				CODE_SIGN_STYLE = Automatic;
				CURRENT_PROJECT_VERSION = 1;
				DEVELOPMENT_ASSET_PATHS = "\"PrayerApp/Preview Content\"";
				DEVELOPMENT_TEAM = VL567NGX26;
				ENABLE_PREVIEWS = YES;
				GENERATE_INFOPLIST_FILE = YES;
				INFOPLIST_KEY_UIApplicationSceneManifest_Generation = YES;
				INFOPLIST_KEY_UIApplicationSupportsIndirectInputEvents = YES;
				INFOPLIST_KEY_UILaunchScreen_Generation = YES;
				INFOPLIST_KEY_UISupportedInterfaceOrientations_iPad = "UIInterfaceOrientationPortrait UIInterfaceOrientationPortraitUpsideDown UIInterfaceOrientationLandscapeLeft UIInterfaceOrientationLandscapeRight";
				INFOPLIST_KEY_UISupportedInterfaceOrientations_iPhone = "UIInterfaceOrientationPortrait UIInterfaceOrientationLandscapeLeft UIInterfaceOrientationLandscapeRight";
				LD_RUNPATH_SEARCH_PATHS = (
					"$(inherited)",
					"@executable_path/Frameworks",
				);
				MARKETING_VERSION = 1.0;
				PRODUCT_BUNDLE_IDENTIFIER = com.Aljwhra.PrayerApp;
				PRODUCT_NAME = "$(TARGET_NAME)";
				SWIFT_EMIT_LOC_STRINGS = YES;
				SWIFT_VERSION = 5.0;
				TARGETED_DEVICE_FAMILY = "1,2";
			};
			name = Debug;
		};
		D242FB462B05995C00BD56EF /* Release */ = {
			isa = XCBuildConfiguration;
			buildSettings = {
				ASSETCATALOG_COMPILER_APPICON_NAME = AppIcon;
				ASSETCATALOG_COMPILER_GLOBAL_ACCENT_COLOR_NAME = AccentColor;
				CODE_SIGN_STYLE = Automatic;
				CURRENT_PROJECT_VERSION = 1;
				DEVELOPMENT_ASSET_PATHS = "\"PrayerApp/Preview Content\"";
				DEVELOPMENT_TEAM = VL567NGX26;
				ENABLE_PREVIEWS = YES;
				GENERATE_INFOPLIST_FILE = YES;
				INFOPLIST_KEY_UIApplicationSceneManifest_Generation = YES;
				INFOPLIST_KEY_UIApplicationSupportsIndirectInputEvents = YES;
				INFOPLIST_KEY_UILaunchScreen_Generation = YES;
				INFOPLIST_KEY_UISupportedInterfaceOrientations_iPad = "UIInterfaceOrientationPortrait UIInterfaceOrientationPortraitUpsideDown UIInterfaceOrientationLandscapeLeft UIInterfaceOrientationLandscapeRight";
				INFOPLIST_KEY_UISupportedInterfaceOrientations_iPhone = "UIInterfaceOrientationPortrait UIInterfaceOrientationLandscapeLeft UIInterfaceOrientationLandscapeRight";
				LD_RUNPATH_SEARCH_PATHS = (
					"$(inherited)",
					"@executable_path/Frameworks",
				);
				MARKETING_VERSION = 1.0;
				PRODUCT_BUNDLE_IDENTIFIER = com.Aljwhra.PrayerApp;
				PRODUCT_NAME = "$(TARGET_NAME)";
				SWIFT_EMIT_LOC_STRINGS = YES;
				SWIFT_VERSION = 5.0;
				TARGETED_DEVICE_FAMILY = "1,2";
			};
			name = Release;
		};
/* End XCBuildConfiguration section */

/* Begin XCConfigurationList section */
		D242FB312B05995A00BD56EF /* Build configuration list for PBXProject "PrayerApp" */ = {
			isa = XCConfigurationList;
			buildConfigurations = (
				D242FB422B05995C00BD56EF /* Debug */,
				D242FB432B05995C00BD56EF /* Release */,
			);
			defaultConfigurationIsVisible = 0;
			defaultConfigurationName = Release;
		};
		D242FB442B05995C00BD56EF /* Build configuration list for PBXNativeTarget "PrayerApp" */ = {
			isa = XCConfigurationList;
			buildConfigurations = (
				D242FB452B05995C00BD56EF /* Debug */,
				D242FB462B05995C00BD56EF /* Release */,
			);
			defaultConfigurationIsVisible = 0;
			defaultConfigurationName = Release;
		};
/* End XCConfigurationList section */
	};
	rootObject = D242FB2E2B05995A00BD56EF /* Project object */;
}
